// !$*UTF8*$!
{
	archiveVersion = 1;
	classes = {
	};
	objectVersion = 63;
	objects = {

/* Begin PBXBuildFile section */
		3B072A396876FEFFEE056FD7 /* iOSApp.swift in Sources */ = {isa = PBXBuildFile; fileRef = A87408D744351B37231465AC /* iOSApp.swift */; };
		C0C8B60717F1B47E9D25AC4B /* Assets.xcassets in Resources */ = {isa = PBXBuildFile; fileRef = 7C39A9FA132CBD802B7811F3 /* Assets.xcassets */; };
		EF19BB2D4B38B0E1F0CE37F7 /* ContentView.swift in Sources */ = {isa = PBXBuildFile; fileRef = 8754C81A625D89C70D7E7E9A /* ContentView.swift */; };
/* End PBXBuildFile section */

/* Begin PBXFileReference section */
		0D47E145B53204F3F9E24841 /* Info.plist */ = {isa = PBXFileReference; lastKnownFileType = text.plist; path = Info.plist; sourceTree = "<group>"; };
		7C39A9FA132CBD802B7811F3 /* Assets.xcassets */ = {isa = PBXFileReference; lastKnownFileType = folder.assetcatalog; path = Assets.xcassets; sourceTree = "<group>"; };
		8754C81A625D89C70D7E7E9A /* ContentView.swift */ = {isa = PBXFileReference; lastKnownFileType = sourcecode.swift; path = ContentView.swift; sourceTree = "<group>"; };
		A0C1D93002E4FFC14405FD64 /* GrewMeParent.app */ = {isa = PBXFileReference; explicitFileType = wrapper.application; includeInIndex = 0; path = GrewMeParent.app; sourceTree = BUILT_PRODUCTS_DIR; };
		A87408D744351B37231465AC /* iOSApp.swift */ = {isa = PBXFileReference; lastKnownFileType = sourcecode.swift; path = iOSApp.swift; sourceTree = "<group>"; };
/* End PBXFileReference section */

/* Begin PBXGroup section */
		34B8D97CF48E5728496FB51F /* iosApp */ = {
			isa = PBXGroup;
			children = (
				7C39A9FA132CBD802B7811F3 /* Assets.xcassets */,
				8754C81A625D89C70D7E7E9A /* ContentView.swift */,
				0D47E145B53204F3F9E24841 /* Info.plist */,
				A87408D744351B37231465AC /* iOSApp.swift */,
			);
			path = iosApp;
			sourceTree = "<group>";
		};
		4D4BE87870616D39416E53CF /* Products */ = {
			isa = PBXGroup;
			children = (
				A0C1D93002E4FFC14405FD64 /* GrewMeParent.app */,
			);
			name = Products;
			sourceTree = "<group>";
		};
		7869FFBD8DB43A54C3318C24 = {
			isa = PBXGroup;
			children = (
				34B8D97CF48E5728496FB51F /* iosApp */,
				4D4BE87870616D39416E53CF /* Products */,
			);
			sourceTree = "<group>";
		};
/* End PBXGroup section */

/* Begin PBXNativeTarget section */
		078DBF0EC4E33849E179285D /* GrewMeParent */ = {
			isa = PBXNativeTarget;
			buildConfigurationList = 7366E209DCF1A7F9849BD571 /* Build configuration list for PBXNativeTarget "GrewMeParent" */;
			buildPhases = (
				7206B70C3861963EEA484AE6 /* Build Kotlin Framework */,
				9ADA2757850CA4318E662B19 /* Sources */,
				954CF34B012EBD0BEA4870E8 /* Resources */,
				B5EC1E1962D9E0BCCA8F11F8 /* Embed Kotlin Framework */,
			);
			buildRules = (
			);
			dependencies = (
			);
			name = GrewMeParent;
			packageProductDependencies = (
			);
			productName = GrewMeParent;
			productReference = A0C1D93002E4FFC14405FD64 /* GrewMeParent.app */;
			productType = "com.apple.product-type.application";
		};
/* End PBXNativeTarget section */

/* Begin PBXProject section */
		6E8548FD6865469A1F955853 /* Project object */ = {
			isa = PBXProject;
			attributes = {
				BuildIndependentTargetsInParallel = YES;
				LastUpgradeCheck = 1430;
				TargetAttributes = {
					078DBF0EC4E33849E179285D = {
						ProvisioningStyle = Automatic;
					};
				};
			};
			buildConfigurationList = 30BF291B78F9405A5C5BC2FE /* Build configuration list for PBXProject "GrewMeParent" */;
			compatibilityVersion = "Xcode 14.0";
			developmentRegion = en;
			hasScannedForEncodings = 0;
			knownRegions = (
				Base,
				en,
			);
			mainGroup = 7869FFBD8DB43A54C3318C24;
			minimizedProjectReferenceProxies = 1;
			projectDirPath = "";
			projectRoot = "";
			targets = (
				078DBF0EC4E33849E179285D /* GrewMeParent */,
			);
		};
/* End PBXProject section */

/* Begin PBXResourcesBuildPhase section */
		954CF34B012EBD0BEA4870E8 /* Resources */ = {
			isa = PBXResourcesBuildPhase;
			buildActionMask = 2147483647;
			files = (
				C0C8B60717F1B47E9D25AC4B /* Assets.xcassets in Resources */,
			);
			runOnlyForDeploymentPostprocessing = 0;
		};
/* End PBXResourcesBuildPhase section */

/* Begin PBXShellScriptBuildPhase section */
		7206B70C3861963EEA484AE6 /* Build Kotlin Framework */ = {
			isa = PBXShellScriptBuildPhase;
			alwaysOutOfDate = 1;
			buildActionMask = 2147483647;
			files = (
			);
			inputFileListPaths = (
			);
			inputPaths = (
			);
			name = "Build Kotlin Framework";
			outputFileListPaths = (
			);
			outputPaths = (
			);
			runOnlyForDeploymentPostprocessing = 0;
			shellPath = /bin/sh;
			shellScript = "cd \"$SRCROOT/..\"\nexport JAVA_HOME=\"/opt/homebrew/opt/openjdk@17\"\nif [ \"$PLATFORM_NAME\" = \"iphonesimulator\" ]; then\n  ./gradlew composeApp:linkDebugFrameworkIosSimulatorArm64 --no-daemon\nelse\n  ./gradlew composeApp:linkDebugFrameworkIosArm64 --no-daemon\nfi\n";
		};
		B5EC1E1962D9E0BCCA8F11F8 /* Embed Kotlin Framework */ = {
			isa = PBXShellScriptBuildPhase;
			alwaysOutOfDate = 1;
			buildActionMask = 2147483647;
			files = (
			);
			inputFileListPaths = (
			);
			inputPaths = (
			);
			name = "Embed Kotlin Framework";
			outputFileListPaths = (
			);
			outputPaths = (
			);
			runOnlyForDeploymentPostprocessing = 0;
			shellPath = /bin/sh;
			shellScript = "if [ \"$PLATFORM_NAME\" = \"iphonesimulator\" ]; then\n  FRAMEWORK_DIR=\"$SRCROOT/../composeApp/build/bin/iosSimulatorArm64/debugFramework\"\nelse\n  FRAMEWORK_DIR=\"$SRCROOT/../composeApp/build/bin/iosArm64/debugFramework\"\nfi\nmkdir -p \"$TARGET_BUILD_DIR/$FRAMEWORKS_FOLDER_PATH\"\ncp -R \"$FRAMEWORK_DIR/ComposeApp.framework\" \"$TARGET_BUILD_DIR/$FRAMEWORKS_FOLDER_PATH/\"\nif [ \"$CODE_SIGNING_ALLOWED\" = \"YES\" ]; then\n  codesign --force --sign \"$EXPANDED_CODE_SIGN_IDENTITY\" --timestamp=none --preserve-metadata=identifier,entitlements \"$TARGET_BUILD_DIR/$FRAMEWORKS_FOLDER_PATH/ComposeApp.framework\"\nfi\n";
		};
/* End PBXShellScriptBuildPhase section */

/* Begin PBXSourcesBuildPhase section */
		9ADA2757850CA4318E662B19 /* Sources */ = {
			isa = PBXSourcesBuildPhase;
			buildActionMask = 2147483647;
			files = (
				EF19BB2D4B38B0E1F0CE37F7 /* ContentView.swift in Sources */,
				3B072A396876FEFFEE056FD7 /* iOSApp.swift in Sources */,
			);
			runOnlyForDeploymentPostprocessing = 0;
		};
/* End PBXSourcesBuildPhase section */

/* Begin XCBuildConfiguration section */
		4329C81B0D90CF67525BA65D /* Debug */ = {
			isa = XCBuildConfiguration;
			buildSettings = {
				ASSETCATALOG_COMPILER_APPICON_NAME = AppIcon;
				CODE_SIGNING_ALLOWED = YES;
				CODE_SIGN_IDENTITY = "Apple Development";
				CODE_SIGN_STYLE = Automatic;
				DEVELOPMENT_TEAM = 864MSKS46H;
				ENABLE_USER_SCRIPT_SANDBOXING = NO;
				FRAMEWORK_SEARCH_PATHS = (
					"$(SRCROOT)/../composeApp/build/bin/iosArm64/debugFramework",
					"$(SRCROOT)/../composeApp/build/bin/iosSimulatorArm64/debugFramework",
				);
				INFOPLIST_FILE = iosApp/Info.plist;
				LD_RUNPATH_SEARCH_PATHS = "@executable_path/Frameworks";
				OTHER_LDFLAGS = (
					"-framework",
					ComposeApp,
					"-lsqlite3",
				);
				PRODUCT_BUNDLE_IDENTIFIER = com.grewme.parent;
				SDKROOT = iphoneos;
				TARGETED_DEVICE_FAMILY = "1,2";
			};
			name = Debug;
		};
		45D2D52682593BED5ABEB9C5 /* Debug */ = {
			isa = XCBuildConfiguration;
			buildSettings = {
				ALWAYS_SEARCH_USER_PATHS = NO;
				CLANG_ANALYZER_NONNULL = YES;
				CLANG_ANALYZER_NUMBER_OBJECT_CONVERSION = YES_AGGRESSIVE;
				CLANG_CXX_LANGUAGE_STANDARD = "gnu++14";
				CLANG_CXX_LIBRARY = "libc++";
				CLANG_ENABLE_MODULES = YES;
				CLANG_ENABLE_OBJC_ARC = YES;
				CLANG_ENABLE_OBJC_WEAK = YES;
				CLANG_WARN_BLOCK_CAPTURE_AUTORELEASING = YES;
				CLANG_WARN_BOOL_CONVERSION = YES;
				CLANG_WARN_COMMA = YES;
				CLANG_WARN_CONSTANT_CONVERSION = YES;
				CLANG_WARN_DEPRECATED_OBJC_IMPLEMENTATIONS = YES;
				CLANG_WARN_DIRECT_OBJC_ISA_USAGE = YES_ERROR;
				CLANG_WARN_DOCUMENTATION_COMMENTS = YES;
				CLANG_WARN_EMPTY_BODY = YES;
				CLANG_WARN_ENUM_CONVERSION = YES;
				CLANG_WARN_INFINITE_RECURSION = YES;
				CLANG_WARN_INT_CONVERSION = YES;
				CLANG_WARN_NON_LITERAL_NULL_CONVERSION = YES;
				CLANG_WARN_OBJC_IMPLICIT_RETAIN_SELF = YES;
				CLANG_WARN_OBJC_LITERAL_CONVERSION = YES;
				CLANG_WARN_OBJC_ROOT_CLASS = YES_ERROR;
				CLANG_WARN_QUOTED_INCLUDE_IN_FRAMEWORK_HEADER = YES;
				CLANG_WARN_RANGE_LOOP_ANALYSIS = YES;
				CLANG_WARN_STRICT_PROTOTYPES = YES;
				CLANG_WARN_SUSPICIOUS_MOVE = YES;
				CLANG_WARN_UNGUARDED_AVAILABILITY = YES_AGGRESSIVE;
				CLANG_WARN_UNREACHABLE_CODE = YES;
				CLANG_WARN__DUPLICATE_METHOD_MATCH = YES;
				COPY_PHASE_STRIP = NO;
				DEBUG_INFORMATION_FORMAT = dwarf;
				DEVELOPMENT_TEAM = Q28Y384SMC;
				ENABLE_STRICT_OBJC_MSGSEND = YES;
				ENABLE_TESTABILITY = YES;
				GCC_C_LANGUAGE_STANDARD = gnu11;
				GCC_DYNAMIC_NO_PIC = NO;
				GCC_NO_COMMON_BLOCKS = YES;
				GCC_OPTIMIZATION_LEVEL = 0;
				GCC_PREPROCESSOR_DEFINITIONS = (
					"$(inherited)",
					"DEBUG=1",
				);
				GCC_WARN_64_TO_32_BIT_CONVERSION = YES;
				GCC_WARN_ABOUT_RETURN_TYPE = YES_ERROR;
				GCC_WARN_UNDECLARED_SELECTOR = YES;
				GCC_WARN_UNINITIALIZED_AUTOS = YES_AGGRESSIVE;
				GCC_WARN_UNUSED_FUNCTION = YES;
				GCC_WARN_UNUSED_VARIABLE = YES;
				IPHONEOS_DEPLOYMENT_TARGET = 16.0;
				MTL_ENABLE_DEBUG_INFO = INCLUDE_SOURCE;
				MTL_FAST_MATH = YES;
				ONLY_ACTIVE_ARCH = YES;
				PRODUCT_NAME = "$(TARGET_NAME)";
				SDKROOT = iphoneos;
				SWIFT_ACTIVE_COMPILATION_CONDITIONS = DEBUG;
				SWIFT_OPTIMIZATION_LEVEL = "-Onone";
				SWIFT_VERSION = 5.0;
			};
			name = Debug;
		};
		78A3DD826D9D1AD241D0F6F2 /* Release */ = {
			isa = XCBuildConfiguration;
			buildSettings = {
				ASSETCATALOG_COMPILER_APPICON_NAME = AppIcon;
				CODE_SIGNING_ALLOWED = YES;
				CODE_SIGN_IDENTITY = "Apple Development";
				CODE_SIGN_STYLE = Automatic;
				DEVELOPMENT_TEAM = 864MSKS46H;
				ENABLE_USER_SCRIPT_SANDBOXING = NO;
				FRAMEWORK_SEARCH_PATHS = (
					"$(SRCROOT)/../composeApp/build/bin/iosArm64/debugFramework",
					"$(SRCROOT)/../composeApp/build/bin/iosSimulatorArm64/debugFramework",
				);
				INFOPLIST_FILE = iosApp/Info.plist;
				LD_RUNPATH_SEARCH_PATHS = "@executable_path/Frameworks";
				OTHER_LDFLAGS = (
					"-framework",
					ComposeApp,
					"-lsqlite3",
				);
				PRODUCT_BUNDLE_IDENTIFIER = com.grewme.parent;
				SDKROOT = iphoneos;
				TARGETED_DEVICE_FAMILY = "1,2";
			};
			name = Release;
		};
		929A06E744D1D8242AA1C348 /* Release */ = {
			isa = XCBuildConfiguration;
			buildSettings = {
				ALWAYS_SEARCH_USER_PATHS = NO;
				CLANG_ANALYZER_NONNULL = YES;
				CLANG_ANALYZER_NUMBER_OBJECT_CONVERSION = YES_AGGRESSIVE;
				CLANG_CXX_LANGUAGE_STANDARD = "gnu++14";
				CLANG_CXX_LIBRARY = "libc++";
				CLANG_ENABLE_MODULES = YES;
				CLANG_ENABLE_OBJC_ARC = YES;
				CLANG_ENABLE_OBJC_WEAK = YES;
				CLANG_WARN_BLOCK_CAPTURE_AUTORELEASING = YES;
				CLANG_WARN_BOOL_CONVERSION = YES;
				CLANG_WARN_COMMA = YES;
				CLANG_WARN_CONSTANT_CONVERSION = YES;
				CLANG_WARN_DEPRECATED_OBJC_IMPLEMENTATIONS = YES;
				CLANG_WARN_DIRECT_OBJC_ISA_USAGE = YES_ERROR;
				CLANG_WARN_DOCUMENTATION_COMMENTS = YES;
				CLANG_WARN_EMPTY_BODY = YES;
				CLANG_WARN_ENUM_CONVERSION = YES;
				CLANG_WARN_INFINITE_RECURSION = YES;
				CLANG_WARN_INT_CONVERSION = YES;
				CLANG_WARN_NON_LITERAL_NULL_CONVERSION = YES;
				CLANG_WARN_OBJC_IMPLICIT_RETAIN_SELF = YES;
				CLANG_WARN_OBJC_LITERAL_CONVERSION = YES;
				CLANG_WARN_OBJC_ROOT_CLASS = YES_ERROR;
				CLANG_WARN_QUOTED_INCLUDE_IN_FRAMEWORK_HEADER = YES;
				CLANG_WARN_RANGE_LOOP_ANALYSIS = YES;
				CLANG_WARN_STRICT_PROTOTYPES = YES;
				CLANG_WARN_SUSPICIOUS_MOVE = YES;
				CLANG_WARN_UNGUARDED_AVAILABILITY = YES_AGGRESSIVE;
				CLANG_WARN_UNREACHABLE_CODE = YES;
				CLANG_WARN__DUPLICATE_METHOD_MATCH = YES;
				COPY_PHASE_STRIP = NO;
				DEBUG_INFORMATION_FORMAT = "dwarf-with-dsym";
				DEVELOPMENT_TEAM = Q28Y384SMC;
				ENABLE_NS_ASSERTIONS = NO;
				ENABLE_STRICT_OBJC_MSGSEND = YES;
				GCC_C_LANGUAGE_STANDARD = gnu11;
				GCC_NO_COMMON_BLOCKS = YES;
				GCC_WARN_64_TO_32_BIT_CONVERSION = YES;
				GCC_WARN_ABOUT_RETURN_TYPE = YES_ERROR;
				GCC_WARN_UNDECLARED_SELECTOR = YES;
				GCC_WARN_UNINITIALIZED_AUTOS = YES_AGGRESSIVE;
				GCC_WARN_UNUSED_FUNCTION = YES;
				GCC_WARN_UNUSED_VARIABLE = YES;
				IPHONEOS_DEPLOYMENT_TARGET = 16.0;
				MTL_ENABLE_DEBUG_INFO = NO;
				MTL_FAST_MATH = YES;
				PRODUCT_NAME = "$(TARGET_NAME)";
				SDKROOT = iphoneos;
				SWIFT_COMPILATION_MODE = wholemodule;
				SWIFT_OPTIMIZATION_LEVEL = "-O";
				SWIFT_VERSION = 5.0;
			};
			name = Release;
		};
/* End XCBuildConfiguration section */

/* Begin XCConfigurationList section */
		30BF291B78F9405A5C5BC2FE /* Build configuration list for PBXProject "GrewMeParent" */ = {
			isa = XCConfigurationList;
			buildConfigurations = (
				45D2D52682593BED5ABEB9C5 /* Debug */,
				929A06E744D1D8242AA1C348 /* Release */,
			);
			defaultConfigurationIsVisible = 0;
			defaultConfigurationName = Debug;
		};
		7366E209DCF1A7F9849BD571 /* Build configuration list for PBXNativeTarget "GrewMeParent" */ = {
			isa = XCConfigurationList;
			buildConfigurations = (
				4329C81B0D90CF67525BA65D /* Debug */,
				78A3DD826D9D1AD241D0F6F2 /* Release */,
			);
			defaultConfigurationIsVisible = 0;
			defaultConfigurationName = Debug;
		};
/* End XCConfigurationList section */
	};
	rootObject = 6E8548FD6865469A1F955853 /* Project object */;
}
